
Microsoft Visual Studio Solution File, Format Version 12.00
# Visual Studio Version 16
VisualStudioVersion = 16.0.31624.102
MinimumVisualStudioVersion = 10.0.40219.1
Project("{8BC9CEB8-8B4A-11D0-8D11-00A0C91BC942}") = "lab10e", "lab10e\lab10e.vcxproj", "{CD52638A-D1EA-49EA-9C39-70F6B9DB7B5C}"
EndProject
Global
	GlobalSection(SolutionConfigurationPlatforms) = preSolution
		Debug|x64 = Debug|x64
		Debug|x86 = Debug|x86
		Release|x64 = Release|x64
		Release|x86 = Release|x86
	EndGlobalSection
	GlobalSection(ProjectConfigurationPlatforms) = postSolution
		{CD52638A-D1EA-49EA-9C39-70F6B9DB7B5C}.Debug|x64.ActiveCfg = Debug|x64
		{CD52638A-D1EA-49EA-9C39-70F6B9DB7B5C}.Debug|x64.Build.0 = Debug|x64
		{CD52638A-D1EA-49EA-9C39-70F6B9DB7B5C}.Debug|x86.ActiveCfg = Debug|Win32
		{CD52638A-D1EA-49EA-9C39-70F6B9DB7B5C}.Debug|x86.Build.0 = Debug|Win32
		{CD52638A-D1EA-49EA-9C39-70F6B9DB7B5C}.Release|x64.ActiveCfg = Release|x64
		{CD52638A-D1EA-49EA-9C39-70F6B9DB7B5C}.Release|x64.Build.0 = Release|x64
		{CD52638A-D1EA-49EA-9C39-70F6B9DB7B5C}.Release|x86.ActiveCfg = Release|Win32
		{CD52638A-D1EA-49EA-9C39-70F6B9DB7B5C}.Release|x86.Build.0 = Release|Win32
	EndGlobalSection
	GlobalSection(SolutionProperties) = preSolution
		HideSolutionNode = FALSE
	EndGlobalSection
	GlobalSection(ExtensibilityGlobals) = postSolution
		SolutionGuid = {B4D3ED4F-60BB-4FFD-8E88-D62DAC0EA0E9}
	EndGlobalSection
EndGlobal
